
Microsoft Visual Studio Solution File, Format Version 12.00
# Visual Studio Version 17
VisualStudioVersion = 17.14.36121.58 d17.14
MinimumVisualStudioVersion = 10.0.40219.1
Project("{FAE04EC0-301F-11D3-BF4B-00C04F79EFBC}") = "ProductAPICRUD", "ProductAPICRUD.csproj", "{56CC08E7-4E67-4467-8062-1C8BB14498C3}"
EndProject
Global
	GlobalSection(SolutionConfigurationPlatforms) = preSolution
		Debug|Any CPU = Debug|Any CPU
		Release|Any CPU = Release|Any CPU
	EndGlobalSection
	GlobalSection(ProjectConfigurationPlatforms) = postSolution
		{56CC08E7-4E67-4467-8062-1C8BB14498C3}.Debug|Any CPU.ActiveCfg = Debug|Any CPU
		{56CC08E7-4E67-4467-8062-1C8BB14498C3}.Debug|Any CPU.Build.0 = Debug|Any CPU
		{56CC08E7-4E67-4467-8062-1C8BB14498C3}.Release|Any CPU.ActiveCfg = Release|Any CPU
		{56CC08E7-4E67-4467-8062-1C8BB14498C3}.Release|Any CPU.Build.0 = Release|Any CPU
	EndGlobalSection
	GlobalSection(SolutionProperties) = preSolution
		HideSolutionNode = FALSE
	EndGlobalSection
	GlobalSection(ExtensibilityGlobals) = postSolution
		SolutionGuid = {D0D3DC31-19EE-4985-B88A-F443C83736E1}
	EndGlobalSection
EndGlobal
